// !$*UTF8*$!
{
	archiveVersion = 1;
	classes = {
	};
	objectVersion = 56;
	objects = {

/* Begin PBXBuildFile section */
		4D7122DB2AC5EB0C00703A0F /* TabViewDemoApp.swift in Sources */ = {isa = PBXBuildFile; fileRef = 4D7122DA2AC5EB0C00703A0F /* TabViewDemoApp.swift */; };
		4D7122DD2AC5EB0C00703A0F /* ContentView.swift in Sources */ = {isa = PBXBuildFile; fileRef = 4D7122DC2AC5EB0C00703A0F /* ContentView.swift */; };
		4D7122DF2AC5EB0C00703A0F /* Item.swift in Sources */ = {isa = PBXBuildFile; fileRef = 4D7122DE2AC5EB0C00703A0F /* Item.swift */; };
		4D7122E12AC5EB0D00703A0F /* Assets.xcassets in Resources */ = {isa = PBXBuildFile; fileRef = 4D7122E02AC5EB0D00703A0F /* Assets.xcassets */; };
		4D7122E42AC5EB0D00703A0F /* Preview Assets.xcassets in Resources */ = {isa = PBXBuildFile; fileRef = 4D7122E32AC5EB0D00703A0F /* Preview Assets.xcassets */; };
		4D7122EE2AC5EB0D00703A0F /* TabViewDemoTests.swift in Sources */ = {isa = PBXBuildFile; fileRef = 4D7122ED2AC5EB0D00703A0F /* TabViewDemoTests.swift */; };
		4D7122F82AC5EB0D00703A0F /* TabViewDemoUITests.swift in Sources */ = {isa = PBXBuildFile; fileRef = 4D7122F72AC5EB0D00703A0F /* TabViewDemoUITests.swift */; };
		4D7122FA2AC5EB0D00703A0F /* TabViewDemoUITestsLaunchTests.swift in Sources */ = {isa = PBXBuildFile; fileRef = 4D7122F92AC5EB0D00703A0F /* TabViewDemoUITestsLaunchTests.swift */; };
/* End PBXBuildFile section */

/* Begin PBXContainerItemProxy section */
		4D7122EA2AC5EB0D00703A0F /* PBXContainerItemProxy */ = {
			isa = PBXContainerItemProxy;
			containerPortal = 4D7122CF2AC5EB0C00703A0F /* Project object */;
			proxyType = 1;
			remoteGlobalIDString = 4D7122D62AC5EB0C00703A0F;
			remoteInfo = TabViewDemo;
		};
		4D7122F42AC5EB0D00703A0F /* PBXContainerItemProxy */ = {
			isa = PBXContainerItemProxy;
			containerPortal = 4D7122CF2AC5EB0C00703A0F /* Project object */;
			proxyType = 1;
			remoteGlobalIDString = 4D7122D62AC5EB0C00703A0F;
			remoteInfo = TabViewDemo;
		};
/* End PBXContainerItemProxy section */

/* Begin PBXFileReference section */
		4D7122D72AC5EB0C00703A0F /* TabViewDemo.app */ = {isa = PBXFileReference; explicitFileType = wrapper.application; includeInIndex = 0; path = TabViewDemo.app; sourceTree = BUILT_PRODUCTS_DIR; };
		4D7122DA2AC5EB0C00703A0F /* TabViewDemoApp.swift */ = {isa = PBXFileReference; lastKnownFileType = sourcecode.swift; path = TabViewDemoApp.swift; sourceTree = "<group>"; };
		4D7122DC2AC5EB0C00703A0F /* ContentView.swift */ = {isa = PBXFileReference; lastKnownFileType = sourcecode.swift; path = ContentView.swift; sourceTree = "<group>"; };
		4D7122DE2AC5EB0C00703A0F /* Item.swift */ = {isa = PBXFileReference; lastKnownFileType = sourcecode.swift; path = Item.swift; sourceTree = "<group>"; };
		4D7122E02AC5EB0D00703A0F /* Assets.xcassets */ = {isa = PBXFileReference; lastKnownFileType = folder.assetcatalog; path = Assets.xcassets; sourceTree = "<group>"; };
		4D7122E32AC5EB0D00703A0F /* Preview Assets.xcassets */ = {isa = PBXFileReference; lastKnownFileType = folder.assetcatalog; path = "Preview Assets.xcassets"; sourceTree = "<group>"; };
		4D7122E92AC5EB0D00703A0F /* TabViewDemoTests.xctest */ = {isa = PBXFileReference; explicitFileType = wrapper.cfbundle; includeInIndex = 0; path = TabViewDemoTests.xctest; sourceTree = BUILT_PRODUCTS_DIR; };
		4D7122ED2AC5EB0D00703A0F /* TabViewDemoTests.swift */ = {isa = PBXFileReference; lastKnownFileType = sourcecode.swift; path = TabViewDemoTests.swift; sourceTree = "<group>"; };
		4D7122F32AC5EB0D00703A0F /* TabViewDemoUITests.xctest */ = {isa = PBXFileReference; explicitFileType = wrapper.cfbundle; includeInIndex = 0; path = TabViewDemoUITests.xctest; sourceTree = BUILT_PRODUCTS_DIR; };
		4D7122F72AC5EB0D00703A0F /* TabViewDemoUITests.swift */ = {isa = PBXFileReference; lastKnownFileType = sourcecode.swift; path = TabViewDemoUITests.swift; sourceTree = "<group>"; };
		4D7122F92AC5EB0D00703A0F /* TabViewDemoUITestsLaunchTests.swift */ = {isa = PBXFileReference; lastKnownFileType = sourcecode.swift; path = TabViewDemoUITestsLaunchTests.swift; sourceTree = "<group>"; };
/* End PBXFileReference section */

/* Begin PBXFrameworksBuildPhase section */
		4D7122D42AC5EB0C00703A0F /* Frameworks */ = {
			isa = PBXFrameworksBuildPhase;
			buildActionMask = 2147483647;
			files = (
			);
			runOnlyForDeploymentPostprocessing = 0;
		};
		4D7122E62AC5EB0D00703A0F /* Frameworks */ = {
			isa = PBXFrameworksBuildPhase;
			buildActionMask = 2147483647;
			files = (
			);
			runOnlyForDeploymentPostprocessing = 0;
		};
		4D7122F02AC5EB0D00703A0F /* Frameworks */ = {
			isa = PBXFrameworksBuildPhase;
			buildActionMask = 2147483647;
			files = (
			);
			runOnlyForDeploymentPostprocessing = 0;
		};
/* End PBXFrameworksBuildPhase section */

/* Begin PBXGroup section */
		4D7122CE2AC5EB0C00703A0F = {
			isa = PBXGroup;
			children = (
				4D7122D92AC5EB0C00703A0F /* TabViewDemo */,
				4D7122EC2AC5EB0D00703A0F /* TabViewDemoTests */,
				4D7122F62AC5EB0D00703A0F /* TabViewDemoUITests */,
				4D7122D82AC5EB0C00703A0F /* Products */,
			);
			sourceTree = "<group>";
		};
		4D7122D82AC5EB0C00703A0F /* Products */ = {
			isa = PBXGroup;
			children = (
				4D7122D72AC5EB0C00703A0F /* TabViewDemo.app */,
				4D7122E92AC5EB0D00703A0F /* TabViewDemoTests.xctest */,
				4D7122F32AC5EB0D00703A0F /* TabViewDemoUITests.xctest */,
			);
			name = Products;
			sourceTree = "<group>";
		};
		4D7122D92AC5EB0C00703A0F /* TabViewDemo */ = {
			isa = PBXGroup;
			children = (
				4D7122DA2AC5EB0C00703A0F /* TabViewDemoApp.swift */,
				4D7122DC2AC5EB0C00703A0F /* ContentView.swift */,
				4D7122DE2AC5EB0C00703A0F /* Item.swift */,
				4D7122E02AC5EB0D00703A0F /* Assets.xcassets */,
				4D7122E22AC5EB0D00703A0F /* Preview Content */,
			);
			path = TabViewDemo;
			sourceTree = "<group>";
		};
		4D7122E22AC5EB0D00703A0F /* Preview Content */ = {
			isa = PBXGroup;
			children = (
				4D7122E32AC5EB0D00703A0F /* Preview Assets.xcassets */,
			);
			path = "Preview Content";
			sourceTree = "<group>";
		};
		4D7122EC2AC5EB0D00703A0F /* TabViewDemoTests */ = {
			isa = PBXGroup;
			children = (
				4D7122ED2AC5EB0D00703A0F /* TabViewDemoTests.swift */,
			);
			path = TabViewDemoTests;
			sourceTree = "<group>";
		};
		4D7122F62AC5EB0D00703A0F /* TabViewDemoUITests */ = {
			isa = PBXGroup;
			children = (
				4D7122F72AC5EB0D00703A0F /* TabViewDemoUITests.swift */,
				4D7122F92AC5EB0D00703A0F /* TabViewDemoUITestsLaunchTests.swift */,
			);
			path = TabViewDemoUITests;
			sourceTree = "<group>";
		};
/* End PBXGroup section */

/* Begin PBXNativeTarget section */
		4D7122D62AC5EB0C00703A0F /* TabViewDemo */ = {
			isa = PBXNativeTarget;
			buildConfigurationList = 4D7122FD2AC5EB0D00703A0F /* Build configuration list for PBXNativeTarget "TabViewDemo" */;
			buildPhases = (
				4D7122D32AC5EB0C00703A0F /* Sources */,
				4D7122D42AC5EB0C00703A0F /* Frameworks */,
				4D7122D52AC5EB0C00703A0F /* Resources */,
			);
			buildRules = (
			);
			dependencies = (
			);
			name = TabViewDemo;
			productName = TabViewDemo;
			productReference = 4D7122D72AC5EB0C00703A0F /* TabViewDemo.app */;
			productType = "com.apple.product-type.application";
		};
		4D7122E82AC5EB0D00703A0F /* TabViewDemoTests */ = {
			isa = PBXNativeTarget;
			buildConfigurationList = 4D7123002AC5EB0D00703A0F /* Build configuration list for PBXNativeTarget "TabViewDemoTests" */;
			buildPhases = (
				4D7122E52AC5EB0D00703A0F /* Sources */,
				4D7122E62AC5EB0D00703A0F /* Frameworks */,
				4D7122E72AC5EB0D00703A0F /* Resources */,
			);
			buildRules = (
			);
			dependencies = (
				4D7122EB2AC5EB0D00703A0F /* PBXTargetDependency */,
			);
			name = TabViewDemoTests;
			productName = TabViewDemoTests;
			productReference = 4D7122E92AC5EB0D00703A0F /* TabViewDemoTests.xctest */;
			productType = "com.apple.product-type.bundle.unit-test";
		};
		4D7122F22AC5EB0D00703A0F /* TabViewDemoUITests */ = {
			isa = PBXNativeTarget;
			buildConfigurationList = 4D7123032AC5EB0D00703A0F /* Build configuration list for PBXNativeTarget "TabViewDemoUITests" */;
			buildPhases = (
				4D7122EF2AC5EB0D00703A0F /* Sources */,
				4D7122F02AC5EB0D00703A0F /* Frameworks */,
				4D7122F12AC5EB0D00703A0F /* Resources */,
			);
			buildRules = (
			);
			dependencies = (
				4D7122F52AC5EB0D00703A0F /* PBXTargetDependency */,
			);
			name = TabViewDemoUITests;
			productName = TabViewDemoUITests;
			productReference = 4D7122F32AC5EB0D00703A0F /* TabViewDemoUITests.xctest */;
			productType = "com.apple.product-type.bundle.ui-testing";
		};
/* End PBXNativeTarget section */

/* Begin PBXProject section */
		4D7122CF2AC5EB0C00703A0F /* Project object */ = {
			isa = PBXProject;
			attributes = {
				BuildIndependentTargetsInParallel = 1;
				LastSwiftUpdateCheck = 1500;
				LastUpgradeCheck = 1500;
				TargetAttributes = {
					4D7122D62AC5EB0C00703A0F = {
						CreatedOnToolsVersion = 15.0;
					};
					4D7122E82AC5EB0D00703A0F = {
						CreatedOnToolsVersion = 15.0;
						TestTargetID = 4D7122D62AC5EB0C00703A0F;
					};
					4D7122F22AC5EB0D00703A0F = {
						CreatedOnToolsVersion = 15.0;
						TestTargetID = 4D7122D62AC5EB0C00703A0F;
					};
				};
			};
			buildConfigurationList = 4D7122D22AC5EB0C00703A0F /* Build configuration list for PBXProject "TabViewDemo" */;
			compatibilityVersion = "Xcode 14.0";
			developmentRegion = en;
			hasScannedForEncodings = 0;
			knownRegions = (
				en,
				Base,
			);
			mainGroup = 4D7122CE2AC5EB0C00703A0F;
			productRefGroup = 4D7122D82AC5EB0C00703A0F /* Products */;
			projectDirPath = "";
			projectRoot = "";
			targets = (
				4D7122D62AC5EB0C00703A0F /* TabViewDemo */,
				4D7122E82AC5EB0D00703A0F /* TabViewDemoTests */,
				4D7122F22AC5EB0D00703A0F /* TabViewDemoUITests */,
			);
		};
/* End PBXProject section */

/* Begin PBXResourcesBuildPhase section */
		4D7122D52AC5EB0C00703A0F /* Resources */ = {
			isa = PBXResourcesBuildPhase;
			buildActionMask = 2147483647;
			files = (
				4D7122E42AC5EB0D00703A0F /* Preview Assets.xcassets in Resources */,
				4D7122E12AC5EB0D00703A0F /* Assets.xcassets in Resources */,
			);
			runOnlyForDeploymentPostprocessing = 0;
		};
		4D7122E72AC5EB0D00703A0F /* Resources */ = {
			isa = PBXResourcesBuildPhase;
			buildActionMask = 2147483647;
			files = (
			);
			runOnlyForDeploymentPostprocessing = 0;
		};
		4D7122F12AC5EB0D00703A0F /* Resources */ = {
			isa = PBXResourcesBuildPhase;
			buildActionMask = 2147483647;
			files = (
			);
			runOnlyForDeploymentPostprocessing = 0;
		};
/* End PBXResourcesBuildPhase section */

/* Begin PBXSourcesBuildPhase section */
		4D7122D32AC5EB0C00703A0F /* Sources */ = {
			isa = PBXSourcesBuildPhase;
			buildActionMask = 2147483647;
			files = (
				4D7122DD2AC5EB0C00703A0F /* ContentView.swift in Sources */,
				4D7122DF2AC5EB0C00703A0F /* Item.swift in Sources */,
				4D7122DB2AC5EB0C00703A0F /* TabViewDemoApp.swift in Sources */,
			);
			runOnlyForDeploymentPostprocessing = 0;
		};
		4D7122E52AC5EB0D00703A0F /* Sources */ = {
			isa = PBXSourcesBuildPhase;
			buildActionMask = 2147483647;
			files = (
				4D7122EE2AC5EB0D00703A0F /* TabViewDemoTests.swift in Sources */,
			);
			runOnlyForDeploymentPostprocessing = 0;
		};
		4D7122EF2AC5EB0D00703A0F /* Sources */ = {
			isa = PBXSourcesBuildPhase;
			buildActionMask = 2147483647;
			files = (
				4D7122FA2AC5EB0D00703A0F /* TabViewDemoUITestsLaunchTests.swift in Sources */,
				4D7122F82AC5EB0D00703A0F /* TabViewDemoUITests.swift in Sources */,
			);
			runOnlyForDeploymentPostprocessing = 0;
		};
/* End PBXSourcesBuildPhase section */

/* Begin PBXTargetDependency section */
		4D7122EB2AC5EB0D00703A0F /* PBXTargetDependency */ = {
			isa = PBXTargetDependency;
			target = 4D7122D62AC5EB0C00703A0F /* TabViewDemo */;
			targetProxy = 4D7122EA2AC5EB0D00703A0F /* PBXContainerItemProxy */;
		};
		4D7122F52AC5EB0D00703A0F /* PBXTargetDependency */ = {
			isa = PBXTargetDependency;
			target = 4D7122D62AC5EB0C00703A0F /* TabViewDemo */;
			targetProxy = 4D7122F42AC5EB0D00703A0F /* PBXContainerItemProxy */;
		};
/* End PBXTargetDependency section */

/* Begin XCBuildConfiguration section */
		4D7122FB2AC5EB0D00703A0F /* Debug */ = {
			isa = XCBuildConfiguration;
			buildSettings = {
				ALWAYS_SEARCH_USER_PATHS = NO;
				ASSETCATALOG_COMPILER_GENERATE_SWIFT_ASSET_SYMBOL_EXTENSIONS = YES;
				CLANG_ANALYZER_NONNULL = YES;
				CLANG_ANALYZER_NUMBER_OBJECT_CONVERSION = YES_AGGRESSIVE;
				CLANG_CXX_LANGUAGE_STANDARD = "gnu++20";
				CLANG_ENABLE_MODULES = YES;
				CLANG_ENABLE_OBJC_ARC = YES;
				CLANG_ENABLE_OBJC_WEAK = YES;
				CLANG_WARN_BLOCK_CAPTURE_AUTORELEASING = YES;
				CLANG_WARN_BOOL_CONVERSION = YES;
				CLANG_WARN_COMMA = YES;
				CLANG_WARN_CONSTANT_CONVERSION = YES;
				CLANG_WARN_DEPRECATED_OBJC_IMPLEMENTATIONS = YES;
				CLANG_WARN_DIRECT_OBJC_ISA_USAGE = YES_ERROR;
				CLANG_WARN_DOCUMENTATION_COMMENTS = YES;
				CLANG_WARN_EMPTY_BODY = YES;
				CLANG_WARN_ENUM_CONVERSION = YES;
				CLANG_WARN_INFINITE_RECURSION = YES;
				CLANG_WARN_INT_CONVERSION = YES;
				CLANG_WARN_NON_LITERAL_NULL_CONVERSION = YES;
				CLANG_WARN_OBJC_IMPLICIT_RETAIN_SELF = YES;
				CLANG_WARN_OBJC_LITERAL_CONVERSION = YES;
				CLANG_WARN_OBJC_ROOT_CLASS = YES_ERROR;
				CLANG_WARN_QUOTED_INCLUDE_IN_FRAMEWORK_HEADER = YES;
				CLANG_WARN_RANGE_LOOP_ANALYSIS = YES;
				CLANG_WARN_STRICT_PROTOTYPES = YES;
				CLANG_WARN_SUSPICIOUS_MOVE = YES;
				CLANG_WARN_UNGUARDED_AVAILABILITY = YES_AGGRESSIVE;
				CLANG_WARN_UNREACHABLE_CODE = YES;
				CLANG_WARN__DUPLICATE_METHOD_MATCH = YES;
				COPY_PHASE_STRIP = NO;
				DEBUG_INFORMATION_FORMAT = dwarf;
				ENABLE_STRICT_OBJC_MSGSEND = YES;
				ENABLE_TESTABILITY = YES;
				ENABLE_USER_SCRIPT_SANDBOXING = YES;
				GCC_C_LANGUAGE_STANDARD = gnu17;
				GCC_DYNAMIC_NO_PIC = NO;
				GCC_NO_COMMON_BLOCKS = YES;
				GCC_OPTIMIZATION_LEVEL = 0;
				GCC_PREPROCESSOR_DEFINITIONS = (
					"DEBUG=1",
					"$(inherited)",
				);
				GCC_WARN_64_TO_32_BIT_CONVERSION = YES;
				GCC_WARN_ABOUT_RETURN_TYPE = YES_ERROR;
				GCC_WARN_UNDECLARED_SELECTOR = YES;
				GCC_WARN_UNINITIALIZED_AUTOS = YES_AGGRESSIVE;
				GCC_WARN_UNUSED_FUNCTION = YES;
				GCC_WARN_UNUSED_VARIABLE = YES;
				IPHONEOS_DEPLOYMENT_TARGET = 17.0;
				LOCALIZATION_PREFERS_STRING_CATALOGS = YES;
				MTL_ENABLE_DEBUG_INFO = INCLUDE_SOURCE;
				MTL_FAST_MATH = YES;
				ONLY_ACTIVE_ARCH = YES;
				SDKROOT = iphoneos;
				SWIFT_ACTIVE_COMPILATION_CONDITIONS = "DEBUG $(inherited)";
				SWIFT_OPTIMIZATION_LEVEL = "-Onone";
			};
			name = Debug;
		};
		4D7122FC2AC5EB0D00703A0F /* Release */ = {
			isa = XCBuildConfiguration;
			buildSettings = {
				ALWAYS_SEARCH_USER_PATHS = NO;
				ASSETCATALOG_COMPILER_GENERATE_SWIFT_ASSET_SYMBOL_EXTENSIONS = YES;
				CLANG_ANALYZER_NONNULL = YES;
				CLANG_ANALYZER_NUMBER_OBJECT_CONVERSION = YES_AGGRESSIVE;
				CLANG_CXX_LANGUAGE_STANDARD = "gnu++20";
				CLANG_ENABLE_MODULES = YES;
				CLANG_ENABLE_OBJC_ARC = YES;
				CLANG_ENABLE_OBJC_WEAK = YES;
				CLANG_WARN_BLOCK_CAPTURE_AUTORELEASING = YES;
				CLANG_WARN_BOOL_CONVERSION = YES;
				CLANG_WARN_COMMA = YES;
				CLANG_WARN_CONSTANT_CONVERSION = YES;
				CLANG_WARN_DEPRECATED_OBJC_IMPLEMENTATIONS = YES;
				CLANG_WARN_DIRECT_OBJC_ISA_USAGE = YES_ERROR;
				CLANG_WARN_DOCUMENTATION_COMMENTS = YES;
				CLANG_WARN_EMPTY_BODY = YES;
				CLANG_WARN_ENUM_CONVERSION = YES;
				CLANG_WARN_INFINITE_RECURSION = YES;
				CLANG_WARN_INT_CONVERSION = YES;
				CLANG_WARN_NON_LITERAL_NULL_CONVERSION = YES;
				CLANG_WARN_OBJC_IMPLICIT_RETAIN_SELF = YES;
				CLANG_WARN_OBJC_LITERAL_CONVERSION = YES;
				CLANG_WARN_OBJC_ROOT_CLASS = YES_ERROR;
				CLANG_WARN_QUOTED_INCLUDE_IN_FRAMEWORK_HEADER = YES;
				CLANG_WARN_RANGE_LOOP_ANALYSIS = YES;
				CLANG_WARN_STRICT_PROTOTYPES = YES;
				CLANG_WARN_SUSPICIOUS_MOVE = YES;
				CLANG_WARN_UNGUARDED_AVAILABILITY = YES_AGGRESSIVE;
				CLANG_WARN_UNREACHABLE_CODE = YES;
				CLANG_WARN__DUPLICATE_METHOD_MATCH = YES;
				COPY_PHASE_STRIP = NO;
				DEBUG_INFORMATION_FORMAT = "dwarf-with-dsym";
				ENABLE_NS_ASSERTIONS = NO;
				ENABLE_STRICT_OBJC_MSGSEND = YES;
				ENABLE_USER_SCRIPT_SANDBOXING = YES;
				GCC_C_LANGUAGE_STANDARD = gnu17;
				GCC_NO_COMMON_BLOCKS = YES;
				GCC_WARN_64_TO_32_BIT_CONVERSION = YES;
				GCC_WARN_ABOUT_RETURN_TYPE = YES_ERROR;
				GCC_WARN_UNDECLARED_SELECTOR = YES;
				GCC_WARN_UNINITIALIZED_AUTOS = YES_AGGRESSIVE;
				GCC_WARN_UNUSED_FUNCTION = YES;
				GCC_WARN_UNUSED_VARIABLE = YES;
				IPHONEOS_DEPLOYMENT_TARGET = 17.0;
				LOCALIZATION_PREFERS_STRING_CATALOGS = YES;
				MTL_ENABLE_DEBUG_INFO = NO;
				MTL_FAST_MATH = YES;
				SDKROOT = iphoneos;
				SWIFT_COMPILATION_MODE = wholemodule;
				VALIDATE_PRODUCT = YES;
			};
			name = Release;
		};
		4D7122FE2AC5EB0D00703A0F /* Debug */ = {
			isa = XCBuildConfiguration;
			buildSettings = {
				ASSETCATALOG_COMPILER_APPICON_NAME = AppIcon;
				ASSETCATALOG_COMPILER_GLOBAL_ACCENT_COLOR_NAME = AccentColor;
				CODE_SIGN_STYLE = Automatic;
				CURRENT_PROJECT_VERSION = 1;
				DEVELOPMENT_ASSET_PATHS = "\"TabViewDemo/Preview Content\"";
				DEVELOPMENT_TEAM = 6Z2XT36CY3;
				ENABLE_PREVIEWS = YES;
				GENERATE_INFOPLIST_FILE = YES;
				INFOPLIST_KEY_UIApplicationSceneManifest_Generation = YES;
				INFOPLIST_KEY_UIApplicationSupportsIndirectInputEvents = YES;
				INFOPLIST_KEY_UILaunchScreen_Generation = YES;
				INFOPLIST_KEY_UISupportedInterfaceOrientations_iPad = "UIInterfaceOrientationPortrait UIInterfaceOrientationPortraitUpsideDown UIInterfaceOrientationLandscapeLeft UIInterfaceOrientationLandscapeRight";
				INFOPLIST_KEY_UISupportedInterfaceOrientations_iPhone = "UIInterfaceOrientationPortrait UIInterfaceOrientationLandscapeLeft UIInterfaceOrientationLandscapeRight";
				LD_RUNPATH_SEARCH_PATHS = (
					"$(inherited)",
					"@executable_path/Frameworks",
				);
				MARKETING_VERSION = 1.0;
				PRODUCT_BUNDLE_IDENTIFIER = com.markedsystems.TabViewDemo;
				PRODUCT_NAME = "$(TARGET_NAME)";
				SWIFT_EMIT_LOC_STRINGS = YES;
				SWIFT_VERSION = 5.0;
				TARGETED_DEVICE_FAMILY = "1,2";
			};
			name = Debug;
		};
		4D7122FF2AC5EB0D00703A0F /* Release */ = {
			isa = XCBuildConfiguration;
			buildSettings = {
				ASSETCATALOG_COMPILER_APPICON_NAME = AppIcon;
				ASSETCATALOG_COMPILER_GLOBAL_ACCENT_COLOR_NAME = AccentColor;
				CODE_SIGN_STYLE = Automatic;
				CURRENT_PROJECT_VERSION = 1;
				DEVELOPMENT_ASSET_PATHS = "\"TabViewDemo/Preview Content\"";
				DEVELOPMENT_TEAM = 6Z2XT36CY3;
				ENABLE_PREVIEWS = YES;
				GENERATE_INFOPLIST_FILE = YES;
				INFOPLIST_KEY_UIApplicationSceneManifest_Generation = YES;
				INFOPLIST_KEY_UIApplicationSupportsIndirectInputEvents = YES;
				INFOPLIST_KEY_UILaunchScreen_Generation = YES;
				INFOPLIST_KEY_UISupportedInterfaceOrientations_iPad = "UIInterfaceOrientationPortrait UIInterfaceOrientationPortraitUpsideDown UIInterfaceOrientationLandscapeLeft UIInterfaceOrientationLandscapeRight";
				INFOPLIST_KEY_UISupportedInterfaceOrientations_iPhone = "UIInterfaceOrientationPortrait UIInterfaceOrientationLandscapeLeft UIInterfaceOrientationLandscapeRight";
				LD_RUNPATH_SEARCH_PATHS = (
					"$(inherited)",
					"@executable_path/Frameworks",
				);
				MARKETING_VERSION = 1.0;
				PRODUCT_BUNDLE_IDENTIFIER = com.markedsystems.TabViewDemo;
				PRODUCT_NAME = "$(TARGET_NAME)";
				SWIFT_EMIT_LOC_STRINGS = YES;
				SWIFT_VERSION = 5.0;
				TARGETED_DEVICE_FAMILY = "1,2";
			};
			name = Release;
		};
		4D7123012AC5EB0D00703A0F /* Debug */ = {
			isa = XCBuildConfiguration;
			buildSettings = {
				ALWAYS_EMBED_SWIFT_STANDARD_LIBRARIES = YES;
				BUNDLE_LOADER = "$(TEST_HOST)";
				CODE_SIGN_STYLE = Automatic;
				CURRENT_PROJECT_VERSION = 1;
				DEVELOPMENT_TEAM = 6Z2XT36CY3;
				GENERATE_INFOPLIST_FILE = YES;
				IPHONEOS_DEPLOYMENT_TARGET = 17.0;
				MARKETING_VERSION = 1.0;
				PRODUCT_BUNDLE_IDENTIFIER = com.markedsystems.TabViewDemoTests;
				PRODUCT_NAME = "$(TARGET_NAME)";
				SWIFT_EMIT_LOC_STRINGS = NO;
				SWIFT_VERSION = 5.0;
				TARGETED_DEVICE_FAMILY = "1,2";
				TEST_HOST = "$(BUILT_PRODUCTS_DIR)/TabViewDemo.app/$(BUNDLE_EXECUTABLE_FOLDER_PATH)/TabViewDemo";
			};
			name = Debug;
		};
		4D7123022AC5EB0D00703A0F /* Release */ = {
			isa = XCBuildConfiguration;
			buildSettings = {
				ALWAYS_EMBED_SWIFT_STANDARD_LIBRARIES = YES;
				BUNDLE_LOADER = "$(TEST_HOST)";
				CODE_SIGN_STYLE = Automatic;
				CURRENT_PROJECT_VERSION = 1;
				DEVELOPMENT_TEAM = 6Z2XT36CY3;
				GENERATE_INFOPLIST_FILE = YES;
				IPHONEOS_DEPLOYMENT_TARGET = 17.0;
				MARKETING_VERSION = 1.0;
				PRODUCT_BUNDLE_IDENTIFIER = com.markedsystems.TabViewDemoTests;
				PRODUCT_NAME = "$(TARGET_NAME)";
				SWIFT_EMIT_LOC_STRINGS = NO;
				SWIFT_VERSION = 5.0;
				TARGETED_DEVICE_FAMILY = "1,2";
				TEST_HOST = "$(BUILT_PRODUCTS_DIR)/TabViewDemo.app/$(BUNDLE_EXECUTABLE_FOLDER_PATH)/TabViewDemo";
			};
			name = Release;
		};
		4D7123042AC5EB0D00703A0F /* Debug */ = {
			isa = XCBuildConfiguration;
			buildSettings = {
				ALWAYS_EMBED_SWIFT_STANDARD_LIBRARIES = YES;
				CODE_SIGN_STYLE = Automatic;
				CURRENT_PROJECT_VERSION = 1;
				DEVELOPMENT_TEAM = 6Z2XT36CY3;
				GENERATE_INFOPLIST_FILE = YES;
				MARKETING_VERSION = 1.0;
				PRODUCT_BUNDLE_IDENTIFIER = com.markedsystems.TabViewDemoUITests;
				PRODUCT_NAME = "$(TARGET_NAME)";
				SWIFT_EMIT_LOC_STRINGS = NO;
				SWIFT_VERSION = 5.0;
				TARGETED_DEVICE_FAMILY = "1,2";
				TEST_TARGET_NAME = TabViewDemo;
			};
			name = Debug;
		};
		4D7123052AC5EB0D00703A0F /* Release */ = {
			isa = XCBuildConfiguration;
			buildSettings = {
				ALWAYS_EMBED_SWIFT_STANDARD_LIBRARIES = YES;
				CODE_SIGN_STYLE = Automatic;
				CURRENT_PROJECT_VERSION = 1;
				DEVELOPMENT_TEAM = 6Z2XT36CY3;
				GENERATE_INFOPLIST_FILE = YES;
				MARKETING_VERSION = 1.0;
				PRODUCT_BUNDLE_IDENTIFIER = com.markedsystems.TabViewDemoUITests;
				PRODUCT_NAME = "$(TARGET_NAME)";
				SWIFT_EMIT_LOC_STRINGS = NO;
				SWIFT_VERSION = 5.0;
				TARGETED_DEVICE_FAMILY = "1,2";
				TEST_TARGET_NAME = TabViewDemo;
			};
			name = Release;
		};
/* End XCBuildConfiguration section */

/* Begin XCConfigurationList section */
		4D7122D22AC5EB0C00703A0F /* Build configuration list for PBXProject "TabViewDemo" */ = {
			isa = XCConfigurationList;
			buildConfigurations = (
				4D7122FB2AC5EB0D00703A0F /* Debug */,
				4D7122FC2AC5EB0D00703A0F /* Release */,
			);
			defaultConfigurationIsVisible = 0;
			defaultConfigurationName = Release;
		};
		4D7122FD2AC5EB0D00703A0F /* Build configuration list for PBXNativeTarget "TabViewDemo" */ = {
			isa = XCConfigurationList;
			buildConfigurations = (
				4D7122FE2AC5EB0D00703A0F /* Debug */,
				4D7122FF2AC5EB0D00703A0F /* Release */,
			);
			defaultConfigurationIsVisible = 0;
			defaultConfigurationName = Release;
		};
		4D7123002AC5EB0D00703A0F /* Build configuration list for PBXNativeTarget "TabViewDemoTests" */ = {
			isa = XCConfigurationList;
			buildConfigurations = (
				4D7123012AC5EB0D00703A0F /* Debug */,
				4D7123022AC5EB0D00703A0F /* Release */,
			);
			defaultConfigurationIsVisible = 0;
			defaultConfigurationName = Release;
		};
		4D7123032AC5EB0D00703A0F /* Build configuration list for PBXNativeTarget "TabViewDemoUITests" */ = {
			isa = XCConfigurationList;
			buildConfigurations = (
				4D7123042AC5EB0D00703A0F /* Debug */,
				4D7123052AC5EB0D00703A0F /* Release */,
			);
			defaultConfigurationIsVisible = 0;
			defaultConfigurationName = Release;
		};
/* End XCConfigurationList section */
	};
	rootObject = 4D7122CF2AC5EB0C00703A0F /* Project object */;
}
