// !$*UTF8*$!
{
	archiveVersion = 1;
	classes = {
	};
	objectVersion = 56;
	objects = {

/* Begin PBXBuildFile section */
		4D5E46DC298C357B00687EDD /* SwiftUIDemosApp.swift in Sources */ = {isa = PBXBuildFile; fileRef = 4D5E46DB298C357B00687EDD /* SwiftUIDemosApp.swift */; };
		4D5E46DE298C357B00687EDD /* ContentView.swift in Sources */ = {isa = PBXBuildFile; fileRef = 4D5E46DD298C357B00687EDD /* ContentView.swift */; };
		4D5E46E0298C357C00687EDD /* Assets.xcassets in Resources */ = {isa = PBXBuildFile; fileRef = 4D5E46DF298C357C00687EDD /* Assets.xcassets */; };
		4D5E46E4298C357C00687EDD /* Preview Assets.xcassets in Resources */ = {isa = PBXBuildFile; fileRef = 4D5E46E3298C357C00687EDD /* Preview Assets.xcassets */; };
		4D5E46EE298C357C00687EDD /* SwiftUIDemosTests.swift in Sources */ = {isa = PBXBuildFile; fileRef = 4D5E46ED298C357C00687EDD /* SwiftUIDemosTests.swift */; };
		4D5E46F8298C357C00687EDD /* SwiftUIDemosUITests.swift in Sources */ = {isa = PBXBuildFile; fileRef = 4D5E46F7298C357C00687EDD /* SwiftUIDemosUITests.swift */; };
		4D5E46FA298C357C00687EDD /* SwiftUIDemosUITestsLaunchTests.swift in Sources */ = {isa = PBXBuildFile; fileRef = 4D5E46F9298C357C00687EDD /* SwiftUIDemosUITestsLaunchTests.swift */; };
/* End PBXBuildFile section */

/* Begin PBXContainerItemProxy section */
		4D5E46EA298C357C00687EDD /* PBXContainerItemProxy */ = {
			isa = PBXContainerItemProxy;
			containerPortal = 4D5E46D0298C357B00687EDD /* Project object */;
			proxyType = 1;
			remoteGlobalIDString = 4D5E46D7298C357B00687EDD;
			remoteInfo = SwiftUIDemos;
		};
		4D5E46F4298C357C00687EDD /* PBXContainerItemProxy */ = {
			isa = PBXContainerItemProxy;
			containerPortal = 4D5E46D0298C357B00687EDD /* Project object */;
			proxyType = 1;
			remoteGlobalIDString = 4D5E46D7298C357B00687EDD;
			remoteInfo = SwiftUIDemos;
		};
/* End PBXContainerItemProxy section */

/* Begin PBXFileReference section */
		4D5E46D8298C357B00687EDD /* SwiftUIDemos.app */ = {isa = PBXFileReference; explicitFileType = wrapper.application; includeInIndex = 0; path = SwiftUIDemos.app; sourceTree = BUILT_PRODUCTS_DIR; };
		4D5E46DB298C357B00687EDD /* SwiftUIDemosApp.swift */ = {isa = PBXFileReference; lastKnownFileType = sourcecode.swift; path = SwiftUIDemosApp.swift; sourceTree = "<group>"; };
		4D5E46DD298C357B00687EDD /* ContentView.swift */ = {isa = PBXFileReference; lastKnownFileType = sourcecode.swift; path = ContentView.swift; sourceTree = "<group>"; };
		4D5E46DF298C357C00687EDD /* Assets.xcassets */ = {isa = PBXFileReference; lastKnownFileType = folder.assetcatalog; path = Assets.xcassets; sourceTree = "<group>"; };
		4D5E46E1298C357C00687EDD /* SwiftUIDemos.entitlements */ = {isa = PBXFileReference; lastKnownFileType = text.plist.entitlements; path = SwiftUIDemos.entitlements; sourceTree = "<group>"; };
		4D5E46E3298C357C00687EDD /* Preview Assets.xcassets */ = {isa = PBXFileReference; lastKnownFileType = folder.assetcatalog; path = "Preview Assets.xcassets"; sourceTree = "<group>"; };
		4D5E46E9298C357C00687EDD /* SwiftUIDemosTests.xctest */ = {isa = PBXFileReference; explicitFileType = wrapper.cfbundle; includeInIndex = 0; path = SwiftUIDemosTests.xctest; sourceTree = BUILT_PRODUCTS_DIR; };
		4D5E46ED298C357C00687EDD /* SwiftUIDemosTests.swift */ = {isa = PBXFileReference; lastKnownFileType = sourcecode.swift; path = SwiftUIDemosTests.swift; sourceTree = "<group>"; };
		4D5E46F3298C357C00687EDD /* SwiftUIDemosUITests.xctest */ = {isa = PBXFileReference; explicitFileType = wrapper.cfbundle; includeInIndex = 0; path = SwiftUIDemosUITests.xctest; sourceTree = BUILT_PRODUCTS_DIR; };
		4D5E46F7298C357C00687EDD /* SwiftUIDemosUITests.swift */ = {isa = PBXFileReference; lastKnownFileType = sourcecode.swift; path = SwiftUIDemosUITests.swift; sourceTree = "<group>"; };
		4D5E46F9298C357C00687EDD /* SwiftUIDemosUITestsLaunchTests.swift */ = {isa = PBXFileReference; lastKnownFileType = sourcecode.swift; path = SwiftUIDemosUITestsLaunchTests.swift; sourceTree = "<group>"; };
/* End PBXFileReference section */

/* Begin PBXFrameworksBuildPhase section */
		4D5E46D5298C357B00687EDD /* Frameworks */ = {
			isa = PBXFrameworksBuildPhase;
			buildActionMask = 2147483647;
			files = (
			);
			runOnlyForDeploymentPostprocessing = 0;
		};
		4D5E46E6298C357C00687EDD /* Frameworks */ = {
			isa = PBXFrameworksBuildPhase;
			buildActionMask = 2147483647;
			files = (
			);
			runOnlyForDeploymentPostprocessing = 0;
		};
		4D5E46F0298C357C00687EDD /* Frameworks */ = {
			isa = PBXFrameworksBuildPhase;
			buildActionMask = 2147483647;
			files = (
			);
			runOnlyForDeploymentPostprocessing = 0;
		};
/* End PBXFrameworksBuildPhase section */

/* Begin PBXGroup section */
		4D5E46CF298C357B00687EDD = {
			isa = PBXGroup;
			children = (
				4D5E46DA298C357B00687EDD /* SwiftUIDemos */,
				4D5E46EC298C357C00687EDD /* SwiftUIDemosTests */,
				4D5E46F6298C357C00687EDD /* SwiftUIDemosUITests */,
				4D5E46D9298C357B00687EDD /* Products */,
			);
			sourceTree = "<group>";
		};
		4D5E46D9298C357B00687EDD /* Products */ = {
			isa = PBXGroup;
			children = (
				4D5E46D8298C357B00687EDD /* SwiftUIDemos.app */,
				4D5E46E9298C357C00687EDD /* SwiftUIDemosTests.xctest */,
				4D5E46F3298C357C00687EDD /* SwiftUIDemosUITests.xctest */,
			);
			name = Products;
			sourceTree = "<group>";
		};
		4D5E46DA298C357B00687EDD /* SwiftUIDemos */ = {
			isa = PBXGroup;
			children = (
				4D5E46DB298C357B00687EDD /* SwiftUIDemosApp.swift */,
				4D5E46DD298C357B00687EDD /* ContentView.swift */,
				4D5E46DF298C357C00687EDD /* Assets.xcassets */,
				4D5E46E1298C357C00687EDD /* SwiftUIDemos.entitlements */,
				4D5E46E2298C357C00687EDD /* Preview Content */,
			);
			path = SwiftUIDemos;
			sourceTree = "<group>";
		};
		4D5E46E2298C357C00687EDD /* Preview Content */ = {
			isa = PBXGroup;
			children = (
				4D5E46E3298C357C00687EDD /* Preview Assets.xcassets */,
			);
			path = "Preview Content";
			sourceTree = "<group>";
		};
		4D5E46EC298C357C00687EDD /* SwiftUIDemosTests */ = {
			isa = PBXGroup;
			children = (
				4D5E46ED298C357C00687EDD /* SwiftUIDemosTests.swift */,
			);
			path = SwiftUIDemosTests;
			sourceTree = "<group>";
		};
		4D5E46F6298C357C00687EDD /* SwiftUIDemosUITests */ = {
			isa = PBXGroup;
			children = (
				4D5E46F7298C357C00687EDD /* SwiftUIDemosUITests.swift */,
				4D5E46F9298C357C00687EDD /* SwiftUIDemosUITestsLaunchTests.swift */,
			);
			path = SwiftUIDemosUITests;
			sourceTree = "<group>";
		};
/* End PBXGroup section */

/* Begin PBXNativeTarget section */
		4D5E46D7298C357B00687EDD /* SwiftUIDemos */ = {
			isa = PBXNativeTarget;
			buildConfigurationList = 4D5E46FD298C357C00687EDD /* Build configuration list for PBXNativeTarget "SwiftUIDemos" */;
			buildPhases = (
				4D5E46D4298C357B00687EDD /* Sources */,
				4D5E46D5298C357B00687EDD /* Frameworks */,
				4D5E46D6298C357B00687EDD /* Resources */,
			);
			buildRules = (
			);
			dependencies = (
			);
			name = SwiftUIDemos;
			productName = SwiftUIDemos;
			productReference = 4D5E46D8298C357B00687EDD /* SwiftUIDemos.app */;
			productType = "com.apple.product-type.application";
		};
		4D5E46E8298C357C00687EDD /* SwiftUIDemosTests */ = {
			isa = PBXNativeTarget;
			buildConfigurationList = 4D5E4700298C357C00687EDD /* Build configuration list for PBXNativeTarget "SwiftUIDemosTests" */;
			buildPhases = (
				4D5E46E5298C357C00687EDD /* Sources */,
				4D5E46E6298C357C00687EDD /* Frameworks */,
				4D5E46E7298C357C00687EDD /* Resources */,
			);
			buildRules = (
			);
			dependencies = (
				4D5E46EB298C357C00687EDD /* PBXTargetDependency */,
			);
			name = SwiftUIDemosTests;
			productName = SwiftUIDemosTests;
			productReference = 4D5E46E9298C357C00687EDD /* SwiftUIDemosTests.xctest */;
			productType = "com.apple.product-type.bundle.unit-test";
		};
		4D5E46F2298C357C00687EDD /* SwiftUIDemosUITests */ = {
			isa = PBXNativeTarget;
			buildConfigurationList = 4D5E4703298C357C00687EDD /* Build configuration list for PBXNativeTarget "SwiftUIDemosUITests" */;
			buildPhases = (
				4D5E46EF298C357C00687EDD /* Sources */,
				4D5E46F0298C357C00687EDD /* Frameworks */,
				4D5E46F1298C357C00687EDD /* Resources */,
			);
			buildRules = (
			);
			dependencies = (
				4D5E46F5298C357C00687EDD /* PBXTargetDependency */,
			);
			name = SwiftUIDemosUITests;
			productName = SwiftUIDemosUITests;
			productReference = 4D5E46F3298C357C00687EDD /* SwiftUIDemosUITests.xctest */;
			productType = "com.apple.product-type.bundle.ui-testing";
		};
/* End PBXNativeTarget section */

/* Begin PBXProject section */
		4D5E46D0298C357B00687EDD /* Project object */ = {
			isa = PBXProject;
			attributes = {
				BuildIndependentTargetsInParallel = 1;
				LastSwiftUpdateCheck = 1420;
				LastUpgradeCheck = 1420;
				TargetAttributes = {
					4D5E46D7298C357B00687EDD = {
						CreatedOnToolsVersion = 14.2;
					};
					4D5E46E8298C357C00687EDD = {
						CreatedOnToolsVersion = 14.2;
						TestTargetID = 4D5E46D7298C357B00687EDD;
					};
					4D5E46F2298C357C00687EDD = {
						CreatedOnToolsVersion = 14.2;
						TestTargetID = 4D5E46D7298C357B00687EDD;
					};
				};
			};
			buildConfigurationList = 4D5E46D3298C357B00687EDD /* Build configuration list for PBXProject "SwiftUIDemos" */;
			compatibilityVersion = "Xcode 14.0";
			developmentRegion = en;
			hasScannedForEncodings = 0;
			knownRegions = (
				en,
				Base,
			);
			mainGroup = 4D5E46CF298C357B00687EDD;
			productRefGroup = 4D5E46D9298C357B00687EDD /* Products */;
			projectDirPath = "";
			projectRoot = "";
			targets = (
				4D5E46D7298C357B00687EDD /* SwiftUIDemos */,
				4D5E46E8298C357C00687EDD /* SwiftUIDemosTests */,
				4D5E46F2298C357C00687EDD /* SwiftUIDemosUITests */,
			);
		};
/* End PBXProject section */

/* Begin PBXResourcesBuildPhase section */
		4D5E46D6298C357B00687EDD /* Resources */ = {
			isa = PBXResourcesBuildPhase;
			buildActionMask = 2147483647;
			files = (
				4D5E46E4298C357C00687EDD /* Preview Assets.xcassets in Resources */,
				4D5E46E0298C357C00687EDD /* Assets.xcassets in Resources */,
			);
			runOnlyForDeploymentPostprocessing = 0;
		};
		4D5E46E7298C357C00687EDD /* Resources */ = {
			isa = PBXResourcesBuildPhase;
			buildActionMask = 2147483647;
			files = (
			);
			runOnlyForDeploymentPostprocessing = 0;
		};
		4D5E46F1298C357C00687EDD /* Resources */ = {
			isa = PBXResourcesBuildPhase;
			buildActionMask = 2147483647;
			files = (
			);
			runOnlyForDeploymentPostprocessing = 0;
		};
/* End PBXResourcesBuildPhase section */

/* Begin PBXSourcesBuildPhase section */
		4D5E46D4298C357B00687EDD /* Sources */ = {
			isa = PBXSourcesBuildPhase;
			buildActionMask = 2147483647;
			files = (
				4D5E46DE298C357B00687EDD /* ContentView.swift in Sources */,
				4D5E46DC298C357B00687EDD /* SwiftUIDemosApp.swift in Sources */,
			);
			runOnlyForDeploymentPostprocessing = 0;
		};
		4D5E46E5298C357C00687EDD /* Sources */ = {
			isa = PBXSourcesBuildPhase;
			buildActionMask = 2147483647;
			files = (
				4D5E46EE298C357C00687EDD /* SwiftUIDemosTests.swift in Sources */,
			);
			runOnlyForDeploymentPostprocessing = 0;
		};
		4D5E46EF298C357C00687EDD /* Sources */ = {
			isa = PBXSourcesBuildPhase;
			buildActionMask = 2147483647;
			files = (
				4D5E46F8298C357C00687EDD /* SwiftUIDemosUITests.swift in Sources */,
				4D5E46FA298C357C00687EDD /* SwiftUIDemosUITestsLaunchTests.swift in Sources */,
			);
			runOnlyForDeploymentPostprocessing = 0;
		};
/* End PBXSourcesBuildPhase section */

/* Begin PBXTargetDependency section */
		4D5E46EB298C357C00687EDD /* PBXTargetDependency */ = {
			isa = PBXTargetDependency;
			target = 4D5E46D7298C357B00687EDD /* SwiftUIDemos */;
			targetProxy = 4D5E46EA298C357C00687EDD /* PBXContainerItemProxy */;
		};
		4D5E46F5298C357C00687EDD /* PBXTargetDependency */ = {
			isa = PBXTargetDependency;
			target = 4D5E46D7298C357B00687EDD /* SwiftUIDemos */;
			targetProxy = 4D5E46F4298C357C00687EDD /* PBXContainerItemProxy */;
		};
/* End PBXTargetDependency section */

/* Begin XCBuildConfiguration section */
		4D5E46FB298C357C00687EDD /* Debug */ = {
			isa = XCBuildConfiguration;
			buildSettings = {
				ALWAYS_SEARCH_USER_PATHS = NO;
				CLANG_ANALYZER_NONNULL = YES;
				CLANG_ANALYZER_NUMBER_OBJECT_CONVERSION = YES_AGGRESSIVE;
				CLANG_CXX_LANGUAGE_STANDARD = "gnu++20";
				CLANG_ENABLE_MODULES = YES;
				CLANG_ENABLE_OBJC_ARC = YES;
				CLANG_ENABLE_OBJC_WEAK = YES;
				CLANG_WARN_BLOCK_CAPTURE_AUTORELEASING = YES;
				CLANG_WARN_BOOL_CONVERSION = YES;
				CLANG_WARN_COMMA = YES;
				CLANG_WARN_CONSTANT_CONVERSION = YES;
				CLANG_WARN_DEPRECATED_OBJC_IMPLEMENTATIONS = YES;
				CLANG_WARN_DIRECT_OBJC_ISA_USAGE = YES_ERROR;
				CLANG_WARN_DOCUMENTATION_COMMENTS = YES;
				CLANG_WARN_EMPTY_BODY = YES;
				CLANG_WARN_ENUM_CONVERSION = YES;
				CLANG_WARN_INFINITE_RECURSION = YES;
				CLANG_WARN_INT_CONVERSION = YES;
				CLANG_WARN_NON_LITERAL_NULL_CONVERSION = YES;
				CLANG_WARN_OBJC_IMPLICIT_RETAIN_SELF = YES;
				CLANG_WARN_OBJC_LITERAL_CONVERSION = YES;
				CLANG_WARN_OBJC_ROOT_CLASS = YES_ERROR;
				CLANG_WARN_QUOTED_INCLUDE_IN_FRAMEWORK_HEADER = YES;
				CLANG_WARN_RANGE_LOOP_ANALYSIS = YES;
				CLANG_WARN_STRICT_PROTOTYPES = YES;
				CLANG_WARN_SUSPICIOUS_MOVE = YES;
				CLANG_WARN_UNGUARDED_AVAILABILITY = YES_AGGRESSIVE;
				CLANG_WARN_UNREACHABLE_CODE = YES;
				CLANG_WARN__DUPLICATE_METHOD_MATCH = YES;
				COPY_PHASE_STRIP = NO;
				DEBUG_INFORMATION_FORMAT = dwarf;
				ENABLE_STRICT_OBJC_MSGSEND = YES;
				ENABLE_TESTABILITY = YES;
				GCC_C_LANGUAGE_STANDARD = gnu11;
				GCC_DYNAMIC_NO_PIC = NO;
				GCC_NO_COMMON_BLOCKS = YES;
				GCC_OPTIMIZATION_LEVEL = 0;
				GCC_PREPROCESSOR_DEFINITIONS = (
					"DEBUG=1",
					"$(inherited)",
				);
				GCC_WARN_64_TO_32_BIT_CONVERSION = YES;
				GCC_WARN_ABOUT_RETURN_TYPE = YES_ERROR;
				GCC_WARN_UNDECLARED_SELECTOR = YES;
				GCC_WARN_UNINITIALIZED_AUTOS = YES_AGGRESSIVE;
				GCC_WARN_UNUSED_FUNCTION = YES;
				GCC_WARN_UNUSED_VARIABLE = YES;
				MTL_ENABLE_DEBUG_INFO = INCLUDE_SOURCE;
				MTL_FAST_MATH = YES;
				ONLY_ACTIVE_ARCH = YES;
				SWIFT_ACTIVE_COMPILATION_CONDITIONS = DEBUG;
				SWIFT_OPTIMIZATION_LEVEL = "-Onone";
			};
			name = Debug;
		};
		4D5E46FC298C357C00687EDD /* Release */ = {
			isa = XCBuildConfiguration;
			buildSettings = {
				ALWAYS_SEARCH_USER_PATHS = NO;
				CLANG_ANALYZER_NONNULL = YES;
				CLANG_ANALYZER_NUMBER_OBJECT_CONVERSION = YES_AGGRESSIVE;
				CLANG_CXX_LANGUAGE_STANDARD = "gnu++20";
				CLANG_ENABLE_MODULES = YES;
				CLANG_ENABLE_OBJC_ARC = YES;
				CLANG_ENABLE_OBJC_WEAK = YES;
				CLANG_WARN_BLOCK_CAPTURE_AUTORELEASING = YES;
				CLANG_WARN_BOOL_CONVERSION = YES;
				CLANG_WARN_COMMA = YES;
				CLANG_WARN_CONSTANT_CONVERSION = YES;
				CLANG_WARN_DEPRECATED_OBJC_IMPLEMENTATIONS = YES;
				CLANG_WARN_DIRECT_OBJC_ISA_USAGE = YES_ERROR;
				CLANG_WARN_DOCUMENTATION_COMMENTS = YES;
				CLANG_WARN_EMPTY_BODY = YES;
				CLANG_WARN_ENUM_CONVERSION = YES;
				CLANG_WARN_INFINITE_RECURSION = YES;
				CLANG_WARN_INT_CONVERSION = YES;
				CLANG_WARN_NON_LITERAL_NULL_CONVERSION = YES;
				CLANG_WARN_OBJC_IMPLICIT_RETAIN_SELF = YES;
				CLANG_WARN_OBJC_LITERAL_CONVERSION = YES;
				CLANG_WARN_OBJC_ROOT_CLASS = YES_ERROR;
				CLANG_WARN_QUOTED_INCLUDE_IN_FRAMEWORK_HEADER = YES;
				CLANG_WARN_RANGE_LOOP_ANALYSIS = YES;
				CLANG_WARN_STRICT_PROTOTYPES = YES;
				CLANG_WARN_SUSPICIOUS_MOVE = YES;
				CLANG_WARN_UNGUARDED_AVAILABILITY = YES_AGGRESSIVE;
				CLANG_WARN_UNREACHABLE_CODE = YES;
				CLANG_WARN__DUPLICATE_METHOD_MATCH = YES;
				COPY_PHASE_STRIP = NO;
				DEBUG_INFORMATION_FORMAT = "dwarf-with-dsym";
				ENABLE_NS_ASSERTIONS = NO;
				ENABLE_STRICT_OBJC_MSGSEND = YES;
				GCC_C_LANGUAGE_STANDARD = gnu11;
				GCC_NO_COMMON_BLOCKS = YES;
				GCC_WARN_64_TO_32_BIT_CONVERSION = YES;
				GCC_WARN_ABOUT_RETURN_TYPE = YES_ERROR;
				GCC_WARN_UNDECLARED_SELECTOR = YES;
				GCC_WARN_UNINITIALIZED_AUTOS = YES_AGGRESSIVE;
				GCC_WARN_UNUSED_FUNCTION = YES;
				GCC_WARN_UNUSED_VARIABLE = YES;
				MTL_ENABLE_DEBUG_INFO = NO;
				MTL_FAST_MATH = YES;
				SWIFT_COMPILATION_MODE = wholemodule;
				SWIFT_OPTIMIZATION_LEVEL = "-O";
			};
			name = Release;
		};
		4D5E46FE298C357C00687EDD /* Debug */ = {
			isa = XCBuildConfiguration;
			buildSettings = {
				ASSETCATALOG_COMPILER_APPICON_NAME = AppIcon;
				ASSETCATALOG_COMPILER_GLOBAL_ACCENT_COLOR_NAME = AccentColor;
				CODE_SIGN_ENTITLEMENTS = SwiftUIDemos/SwiftUIDemos.entitlements;
				CODE_SIGN_STYLE = Automatic;
				CURRENT_PROJECT_VERSION = 1;
				DEVELOPMENT_ASSET_PATHS = "\"SwiftUIDemos/Preview Content\"";
				ENABLE_PREVIEWS = YES;
				GENERATE_INFOPLIST_FILE = YES;
				"INFOPLIST_KEY_UIApplicationSceneManifest_Generation[sdk=iphoneos*]" = YES;
				"INFOPLIST_KEY_UIApplicationSceneManifest_Generation[sdk=iphonesimulator*]" = YES;
				"INFOPLIST_KEY_UIApplicationSupportsIndirectInputEvents[sdk=iphoneos*]" = YES;
				"INFOPLIST_KEY_UIApplicationSupportsIndirectInputEvents[sdk=iphonesimulator*]" = YES;
				"INFOPLIST_KEY_UILaunchScreen_Generation[sdk=iphoneos*]" = YES;
				"INFOPLIST_KEY_UILaunchScreen_Generation[sdk=iphonesimulator*]" = YES;
				"INFOPLIST_KEY_UIStatusBarStyle[sdk=iphoneos*]" = UIStatusBarStyleDefault;
				"INFOPLIST_KEY_UIStatusBarStyle[sdk=iphonesimulator*]" = UIStatusBarStyleDefault;
				INFOPLIST_KEY_UISupportedInterfaceOrientations_iPad = "UIInterfaceOrientationPortrait UIInterfaceOrientationPortraitUpsideDown UIInterfaceOrientationLandscapeLeft UIInterfaceOrientationLandscapeRight";
				INFOPLIST_KEY_UISupportedInterfaceOrientations_iPhone = "UIInterfaceOrientationPortrait UIInterfaceOrientationLandscapeLeft UIInterfaceOrientationLandscapeRight";
				IPHONEOS_DEPLOYMENT_TARGET = 16.2;
				LD_RUNPATH_SEARCH_PATHS = "@executable_path/Frameworks";
				"LD_RUNPATH_SEARCH_PATHS[sdk=macosx*]" = "@executable_path/../Frameworks";
				MACOSX_DEPLOYMENT_TARGET = 13.1;
				MARKETING_VERSION = 1.0;
				PRODUCT_BUNDLE_IDENTIFIER = com.markedsystems.SwiftUIDemos;
				PRODUCT_NAME = "$(TARGET_NAME)";
				SDKROOT = auto;
				SUPPORTED_PLATFORMS = "iphoneos iphonesimulator macosx";
				SWIFT_EMIT_LOC_STRINGS = YES;
				SWIFT_VERSION = 5.0;
				TARGETED_DEVICE_FAMILY = "1,2";
			};
			name = Debug;
		};
		4D5E46FF298C357C00687EDD /* Release */ = {
			isa = XCBuildConfiguration;
			buildSettings = {
				ASSETCATALOG_COMPILER_APPICON_NAME = AppIcon;
				ASSETCATALOG_COMPILER_GLOBAL_ACCENT_COLOR_NAME = AccentColor;
				CODE_SIGN_ENTITLEMENTS = SwiftUIDemos/SwiftUIDemos.entitlements;
				CODE_SIGN_STYLE = Automatic;
				CURRENT_PROJECT_VERSION = 1;
				DEVELOPMENT_ASSET_PATHS = "\"SwiftUIDemos/Preview Content\"";
				ENABLE_PREVIEWS = YES;
				GENERATE_INFOPLIST_FILE = YES;
				"INFOPLIST_KEY_UIApplicationSceneManifest_Generation[sdk=iphoneos*]" = YES;
				"INFOPLIST_KEY_UIApplicationSceneManifest_Generation[sdk=iphonesimulator*]" = YES;
				"INFOPLIST_KEY_UIApplicationSupportsIndirectInputEvents[sdk=iphoneos*]" = YES;
				"INFOPLIST_KEY_UIApplicationSupportsIndirectInputEvents[sdk=iphonesimulator*]" = YES;
				"INFOPLIST_KEY_UILaunchScreen_Generation[sdk=iphoneos*]" = YES;
				"INFOPLIST_KEY_UILaunchScreen_Generation[sdk=iphonesimulator*]" = YES;
				"INFOPLIST_KEY_UIStatusBarStyle[sdk=iphoneos*]" = UIStatusBarStyleDefault;
				"INFOPLIST_KEY_UIStatusBarStyle[sdk=iphonesimulator*]" = UIStatusBarStyleDefault;
				INFOPLIST_KEY_UISupportedInterfaceOrientations_iPad = "UIInterfaceOrientationPortrait UIInterfaceOrientationPortraitUpsideDown UIInterfaceOrientationLandscapeLeft UIInterfaceOrientationLandscapeRight";
				INFOPLIST_KEY_UISupportedInterfaceOrientations_iPhone = "UIInterfaceOrientationPortrait UIInterfaceOrientationLandscapeLeft UIInterfaceOrientationLandscapeRight";
				IPHONEOS_DEPLOYMENT_TARGET = 16.2;
				LD_RUNPATH_SEARCH_PATHS = "@executable_path/Frameworks";
				"LD_RUNPATH_SEARCH_PATHS[sdk=macosx*]" = "@executable_path/../Frameworks";
				MACOSX_DEPLOYMENT_TARGET = 13.1;
				MARKETING_VERSION = 1.0;
				PRODUCT_BUNDLE_IDENTIFIER = com.markedsystems.SwiftUIDemos;
				PRODUCT_NAME = "$(TARGET_NAME)";
				SDKROOT = auto;
				SUPPORTED_PLATFORMS = "iphoneos iphonesimulator macosx";
				SWIFT_EMIT_LOC_STRINGS = YES;
				SWIFT_VERSION = 5.0;
				TARGETED_DEVICE_FAMILY = "1,2";
			};
			name = Release;
		};
		4D5E4701298C357C00687EDD /* Debug */ = {
			isa = XCBuildConfiguration;
			buildSettings = {
				ALWAYS_EMBED_SWIFT_STANDARD_LIBRARIES = YES;
				BUNDLE_LOADER = "$(TEST_HOST)";
				CODE_SIGN_STYLE = Automatic;
				CURRENT_PROJECT_VERSION = 1;
				GENERATE_INFOPLIST_FILE = YES;
				IPHONEOS_DEPLOYMENT_TARGET = 16.2;
				MACOSX_DEPLOYMENT_TARGET = 13.1;
				MARKETING_VERSION = 1.0;
				PRODUCT_BUNDLE_IDENTIFIER = com.markedsystems.SwiftUIDemosTests;
				PRODUCT_NAME = "$(TARGET_NAME)";
				SDKROOT = auto;
				SUPPORTED_PLATFORMS = "iphoneos iphonesimulator macosx";
				SWIFT_EMIT_LOC_STRINGS = NO;
				SWIFT_VERSION = 5.0;
				TARGETED_DEVICE_FAMILY = "1,2";
				TEST_HOST = "$(BUILT_PRODUCTS_DIR)/SwiftUIDemos.app/$(BUNDLE_EXECUTABLE_FOLDER_PATH)/SwiftUIDemos";
			};
			name = Debug;
		};
		4D5E4702298C357C00687EDD /* Release */ = {
			isa = XCBuildConfiguration;
			buildSettings = {
				ALWAYS_EMBED_SWIFT_STANDARD_LIBRARIES = YES;
				BUNDLE_LOADER = "$(TEST_HOST)";
				CODE_SIGN_STYLE = Automatic;
				CURRENT_PROJECT_VERSION = 1;
				GENERATE_INFOPLIST_FILE = YES;
				IPHONEOS_DEPLOYMENT_TARGET = 16.2;
				MACOSX_DEPLOYMENT_TARGET = 13.1;
				MARKETING_VERSION = 1.0;
				PRODUCT_BUNDLE_IDENTIFIER = com.markedsystems.SwiftUIDemosTests;
				PRODUCT_NAME = "$(TARGET_NAME)";
				SDKROOT = auto;
				SUPPORTED_PLATFORMS = "iphoneos iphonesimulator macosx";
				SWIFT_EMIT_LOC_STRINGS = NO;
				SWIFT_VERSION = 5.0;
				TARGETED_DEVICE_FAMILY = "1,2";
				TEST_HOST = "$(BUILT_PRODUCTS_DIR)/SwiftUIDemos.app/$(BUNDLE_EXECUTABLE_FOLDER_PATH)/SwiftUIDemos";
			};
			name = Release;
		};
		4D5E4704298C357C00687EDD /* Debug */ = {
			isa = XCBuildConfiguration;
			buildSettings = {
				ALWAYS_EMBED_SWIFT_STANDARD_LIBRARIES = YES;
				CODE_SIGN_STYLE = Automatic;
				CURRENT_PROJECT_VERSION = 1;
				GENERATE_INFOPLIST_FILE = YES;
				IPHONEOS_DEPLOYMENT_TARGET = 16.2;
				MACOSX_DEPLOYMENT_TARGET = 13.1;
				MARKETING_VERSION = 1.0;
				PRODUCT_BUNDLE_IDENTIFIER = com.markedsystems.SwiftUIDemosUITests;
				PRODUCT_NAME = "$(TARGET_NAME)";
				SDKROOT = auto;
				SUPPORTED_PLATFORMS = "iphoneos iphonesimulator macosx";
				SWIFT_EMIT_LOC_STRINGS = NO;
				SWIFT_VERSION = 5.0;
				TARGETED_DEVICE_FAMILY = "1,2";
				TEST_TARGET_NAME = SwiftUIDemos;
			};
			name = Debug;
		};
		4D5E4705298C357C00687EDD /* Release */ = {
			isa = XCBuildConfiguration;
			buildSettings = {
				ALWAYS_EMBED_SWIFT_STANDARD_LIBRARIES = YES;
				CODE_SIGN_STYLE = Automatic;
				CURRENT_PROJECT_VERSION = 1;
				GENERATE_INFOPLIST_FILE = YES;
				IPHONEOS_DEPLOYMENT_TARGET = 16.2;
				MACOSX_DEPLOYMENT_TARGET = 13.1;
				MARKETING_VERSION = 1.0;
				PRODUCT_BUNDLE_IDENTIFIER = com.markedsystems.SwiftUIDemosUITests;
				PRODUCT_NAME = "$(TARGET_NAME)";
				SDKROOT = auto;
				SUPPORTED_PLATFORMS = "iphoneos iphonesimulator macosx";
				SWIFT_EMIT_LOC_STRINGS = NO;
				SWIFT_VERSION = 5.0;
				TARGETED_DEVICE_FAMILY = "1,2";
				TEST_TARGET_NAME = SwiftUIDemos;
			};
			name = Release;
		};
/* End XCBuildConfiguration section */

/* Begin XCConfigurationList section */
		4D5E46D3298C357B00687EDD /* Build configuration list for PBXProject "SwiftUIDemos" */ = {
			isa = XCConfigurationList;
			buildConfigurations = (
				4D5E46FB298C357C00687EDD /* Debug */,
				4D5E46FC298C357C00687EDD /* Release */,
			);
			defaultConfigurationIsVisible = 0;
			defaultConfigurationName = Release;
		};
		4D5E46FD298C357C00687EDD /* Build configuration list for PBXNativeTarget "SwiftUIDemos" */ = {
			isa = XCConfigurationList;
			buildConfigurations = (
				4D5E46FE298C357C00687EDD /* Debug */,
				4D5E46FF298C357C00687EDD /* Release */,
			);
			defaultConfigurationIsVisible = 0;
			defaultConfigurationName = Release;
		};
		4D5E4700298C357C00687EDD /* Build configuration list for PBXNativeTarget "SwiftUIDemosTests" */ = {
			isa = XCConfigurationList;
			buildConfigurations = (
				4D5E4701298C357C00687EDD /* Debug */,
				4D5E4702298C357C00687EDD /* Release */,
			);
			defaultConfigurationIsVisible = 0;
			defaultConfigurationName = Release;
		};
		4D5E4703298C357C00687EDD /* Build configuration list for PBXNativeTarget "SwiftUIDemosUITests" */ = {
			isa = XCConfigurationList;
			buildConfigurations = (
				4D5E4704298C357C00687EDD /* Debug */,
				4D5E4705298C357C00687EDD /* Release */,
			);
			defaultConfigurationIsVisible = 0;
			defaultConfigurationName = Release;
		};
/* End XCConfigurationList section */
	};
	rootObject = 4D5E46D0298C357B00687EDD /* Project object */;
}
